
Microsoft Visual Studio Solution File, Format Version 12.00
# Visual Studio Version 17
VisualStudioVersion = 17.9.34902.65
MinimumVisualStudioVersion = 10.0.40219.1
Project("{FAE04EC0-301F-11D3-BF4B-00C04F79EFBC}") = "Laboratorium_4_2", "Laboratorium_4_2.csproj", "{ED491AA1-A066-44E2-9A9C-A5BE482565BC}"
EndProject
Global
	GlobalSection(SolutionConfigurationPlatforms) = preSolution
		Debug|Any CPU = Debug|Any CPU
		Release|Any CPU = Release|Any CPU
	EndGlobalSection
	GlobalSection(ProjectConfigurationPlatforms) = postSolution
		{ED491AA1-A066-44E2-9A9C-A5BE482565BC}.Debug|Any CPU.ActiveCfg = Debug|Any CPU
		{ED491AA1-A066-44E2-9A9C-A5BE482565BC}.Debug|Any CPU.Build.0 = Debug|Any CPU
		{ED491AA1-A066-44E2-9A9C-A5BE482565BC}.Release|Any CPU.ActiveCfg = Release|Any CPU
		{ED491AA1-A066-44E2-9A9C-A5BE482565BC}.Release|Any CPU.Build.0 = Release|Any CPU
	EndGlobalSection
	GlobalSection(SolutionProperties) = preSolution
		HideSolutionNode = FALSE
	EndGlobalSection
	GlobalSection(ExtensibilityGlobals) = postSolution
		SolutionGuid = {BF0327B1-6F09-4716-8163-FF9BF15C4D5B}
	EndGlobalSection
EndGlobal
